// !$*UTF8*$!
{
	archiveVersion = 1;
	classes = {
	};
	objectVersion = 56;
	objects = {

/* Begin PBXBuildFile section */
		FB43AFA42CA029F5002FA970 /* DuolingoApp.swift in Sources */ = {isa = PBXBuildFile; fileRef = FB43AFA32CA029F5002FA970 /* DuolingoApp.swift */; };
		FB43AFA62CA029F5002FA970 /* ContentView.swift in Sources */ = {isa = PBXBuildFile; fileRef = FB43AFA52CA029F5002FA970 /* ContentView.swift */; };
		FB43AFA82CA029F7002FA970 /* Assets.xcassets in Resources */ = {isa = PBXBuildFile; fileRef = FB43AFA72CA029F7002FA970 /* Assets.xcassets */; };
		FB43AFAB2CA029F7002FA970 /* Preview Assets.xcassets in Resources */ = {isa = PBXBuildFile; fileRef = FB43AFAA2CA029F7002FA970 /* Preview Assets.xcassets */; };
		FB43AFB32CA034E7002FA970 /* Coiny-Regular.ttf in Resources */ = {isa = PBXBuildFile; fileRef = FB43AFB22CA034E7002FA970 /* Coiny-Regular.ttf */; };
		FB43AFB92CA03A93002FA970 /* Data.swift in Sources */ = {isa = PBXBuildFile; fileRef = FB43AFB82CA03A93002FA970 /* Data.swift */; };
		FBDA33B52CA13943007325B1 /* QuizCorner.swift in Sources */ = {isa = PBXBuildFile; fileRef = FBDA33B42CA13943007325B1 /* QuizCorner.swift */; };
		FBDA33B92CA1485B007325B1 /* ComponentButton.swift in Sources */ = {isa = PBXBuildFile; fileRef = FBDA33B82CA1485B007325B1 /* ComponentButton.swift */; };
		FBDA33BE2CA1B75B007325B1 /* NetworkManager.swift in Sources */ = {isa = PBXBuildFile; fileRef = FBDA33BD2CA1B75B007325B1 /* NetworkManager.swift */; };
		FBDA33C02CA2BC31007325B1 /* UnitManager.swift in Sources */ = {isa = PBXBuildFile; fileRef = FBDA33BF2CA2BC31007325B1 /* UnitManager.swift */; };
		FBDA33C22CA40D24007325B1 /* ProblemManager.swift in Sources */ = {isa = PBXBuildFile; fileRef = FBDA33C12CA40D24007325B1 /* ProblemManager.swift */; };
		FBDA33C62CA546DF007325B1 /* SelectionForProblem.swift in Sources */ = {isa = PBXBuildFile; fileRef = FBDA33C52CA546DF007325B1 /* SelectionForProblem.swift */; };
		FBDA33CA2CA54B56007325B1 /* ProblemView.swift in Sources */ = {isa = PBXBuildFile; fileRef = FBDA33C92CA54B56007325B1 /* ProblemView.swift */; };
/* End PBXBuildFile section */

/* Begin PBXFileReference section */
		FB43AFA02CA029F5002FA970 /* Duolingo.app */ = {isa = PBXFileReference; explicitFileType = wrapper.application; includeInIndex = 0; path = Duolingo.app; sourceTree = BUILT_PRODUCTS_DIR; };
		FB43AFA32CA029F5002FA970 /* DuolingoApp.swift */ = {isa = PBXFileReference; lastKnownFileType = sourcecode.swift; path = DuolingoApp.swift; sourceTree = "<group>"; };
		FB43AFA52CA029F5002FA970 /* ContentView.swift */ = {isa = PBXFileReference; lastKnownFileType = sourcecode.swift; path = ContentView.swift; sourceTree = "<group>"; };
		FB43AFA72CA029F7002FA970 /* Assets.xcassets */ = {isa = PBXFileReference; lastKnownFileType = folder.assetcatalog; path = Assets.xcassets; sourceTree = "<group>"; };
		FB43AFAA2CA029F7002FA970 /* Preview Assets.xcassets */ = {isa = PBXFileReference; lastKnownFileType = folder.assetcatalog; path = "Preview Assets.xcassets"; sourceTree = "<group>"; };
		FB43AFB22CA034E7002FA970 /* Coiny-Regular.ttf */ = {isa = PBXFileReference; lastKnownFileType = file; path = "Coiny-Regular.ttf"; sourceTree = "<group>"; };
		FB43AFB42CA0352B002FA970 /* Info.plist */ = {isa = PBXFileReference; lastKnownFileType = text.plist; path = Info.plist; sourceTree = "<group>"; };
		FB43AFB82CA03A93002FA970 /* Data.swift */ = {isa = PBXFileReference; lastKnownFileType = sourcecode.swift; path = Data.swift; sourceTree = "<group>"; };
		FBDA33B42CA13943007325B1 /* QuizCorner.swift */ = {isa = PBXFileReference; lastKnownFileType = sourcecode.swift; path = QuizCorner.swift; sourceTree = "<group>"; };
		FBDA33B82CA1485B007325B1 /* ComponentButton.swift */ = {isa = PBXFileReference; lastKnownFileType = sourcecode.swift; path = ComponentButton.swift; sourceTree = "<group>"; };
		FBDA33BD2CA1B75B007325B1 /* NetworkManager.swift */ = {isa = PBXFileReference; lastKnownFileType = sourcecode.swift; path = NetworkManager.swift; sourceTree = "<group>"; };
		FBDA33BF2CA2BC31007325B1 /* UnitManager.swift */ = {isa = PBXFileReference; lastKnownFileType = sourcecode.swift; path = UnitManager.swift; sourceTree = "<group>"; };
		FBDA33C12CA40D24007325B1 /* ProblemManager.swift */ = {isa = PBXFileReference; lastKnownFileType = sourcecode.swift; path = ProblemManager.swift; sourceTree = "<group>"; };
		FBDA33C52CA546DF007325B1 /* SelectionForProblem.swift */ = {isa = PBXFileReference; lastKnownFileType = sourcecode.swift; path = SelectionForProblem.swift; sourceTree = "<group>"; };
		FBDA33C92CA54B56007325B1 /* ProblemView.swift */ = {isa = PBXFileReference; lastKnownFileType = sourcecode.swift; path = ProblemView.swift; sourceTree = "<group>"; };
/* End PBXFileReference section */

/* Begin PBXFrameworksBuildPhase section */
		FB43AF9D2CA029F5002FA970 /* Frameworks */ = {
			isa = PBXFrameworksBuildPhase;
			buildActionMask = 2147483647;
			files = (
			);
			runOnlyForDeploymentPostprocessing = 0;
		};
/* End PBXFrameworksBuildPhase section */

/* Begin PBXGroup section */
		FB43AF972CA029F4002FA970 = {
			isa = PBXGroup;
			children = (
				FB43AFA22CA029F5002FA970 /* Duolingo */,
				FB43AFA12CA029F5002FA970 /* Products */,
			);
			sourceTree = "<group>";
		};
		FB43AFA12CA029F5002FA970 /* Products */ = {
			isa = PBXGroup;
			children = (
				FB43AFA02CA029F5002FA970 /* Duolingo.app */,
			);
			name = Products;
			sourceTree = "<group>";
		};
		FB43AFA22CA029F5002FA970 /* Duolingo */ = {
			isa = PBXGroup;
			children = (
				FB43AFB42CA0352B002FA970 /* Info.plist */,
				FB43AFB12CA034D1002FA970 /* fonts */,
				FB43AFA32CA029F5002FA970 /* DuolingoApp.swift */,
				FBDA33C82CA547BB007325B1 /* Views */,
				FB43AFB52CA03A4E002FA970 /* DjangoModel */,
				FB43AFA72CA029F7002FA970 /* Assets.xcassets */,
				FB43AFA92CA029F7002FA970 /* Preview Content */,
			);
			path = Duolingo;
			sourceTree = "<group>";
		};
		FB43AFA92CA029F7002FA970 /* Preview Content */ = {
			isa = PBXGroup;
			children = (
				FB43AFAA2CA029F7002FA970 /* Preview Assets.xcassets */,
			);
			path = "Preview Content";
			sourceTree = "<group>";
		};
		FB43AFB12CA034D1002FA970 /* fonts */ = {
			isa = PBXGroup;
			children = (
				FB43AFB22CA034E7002FA970 /* Coiny-Regular.ttf */,
			);
			path = fonts;
			sourceTree = "<group>";
		};
		FB43AFB52CA03A4E002FA970 /* DjangoModel */ = {
			isa = PBXGroup;
			children = (
				FBDA33BD2CA1B75B007325B1 /* NetworkManager.swift */,
				FB43AFB82CA03A93002FA970 /* Data.swift */,
				FBDA33BF2CA2BC31007325B1 /* UnitManager.swift */,
				FBDA33C12CA40D24007325B1 /* ProblemManager.swift */,
			);
			path = DjangoModel;
			sourceTree = "<group>";
		};
		FBDA33C72CA5479F007325B1 /* Molecules */ = {
			isa = PBXGroup;
			children = (
				FBDA33C52CA546DF007325B1 /* SelectionForProblem.swift */,
				FBDA33C92CA54B56007325B1 /* ProblemView.swift */,
				FBDA33B82CA1485B007325B1 /* ComponentButton.swift */,
			);
			path = Molecules;
			sourceTree = "<group>";
		};
		FBDA33C82CA547BB007325B1 /* Views */ = {
			isa = PBXGroup;
			children = (
				FB43AFA52CA029F5002FA970 /* ContentView.swift */,
				FBDA33B42CA13943007325B1 /* QuizCorner.swift */,
				FBDA33C72CA5479F007325B1 /* Molecules */,
			);
			path = Views;
			sourceTree = "<group>";
		};
/* End PBXGroup section */

/* Begin PBXNativeTarget section */
		FB43AF9F2CA029F5002FA970 /* Duolingo */ = {
			isa = PBXNativeTarget;
			buildConfigurationList = FB43AFAE2CA029F7002FA970 /* Build configuration list for PBXNativeTarget "Duolingo" */;
			buildPhases = (
				FB43AF9C2CA029F5002FA970 /* Sources */,
				FB43AF9D2CA029F5002FA970 /* Frameworks */,
				FB43AF9E2CA029F5002FA970 /* Resources */,
			);
			buildRules = (
			);
			dependencies = (
			);
			name = Duolingo;
			productName = Duolingo;
			productReference = FB43AFA02CA029F5002FA970 /* Duolingo.app */;
			productType = "com.apple.product-type.application";
		};
/* End PBXNativeTarget section */

/* Begin PBXProject section */
		FB43AF982CA029F4002FA970 /* Project object */ = {
			isa = PBXProject;
			attributes = {
				BuildIndependentTargetsInParallel = 1;
				LastSwiftUpdateCheck = 1540;
				LastUpgradeCheck = 1540;
				TargetAttributes = {
					FB43AF9F2CA029F5002FA970 = {
						CreatedOnToolsVersion = 15.4;
					};
				};
			};
			buildConfigurationList = FB43AF9B2CA029F4002FA970 /* Build configuration list for PBXProject "Duolingo" */;
			compatibilityVersion = "Xcode 14.0";
			developmentRegion = en;
			hasScannedForEncodings = 0;
			knownRegions = (
				en,
				Base,
			);
			mainGroup = FB43AF972CA029F4002FA970;
			productRefGroup = FB43AFA12CA029F5002FA970 /* Products */;
			projectDirPath = "";
			projectRoot = "";
			targets = (
				FB43AF9F2CA029F5002FA970 /* Duolingo */,
			);
		};
/* End PBXProject section */

/* Begin PBXResourcesBuildPhase section */
		FB43AF9E2CA029F5002FA970 /* Resources */ = {
			isa = PBXResourcesBuildPhase;
			buildActionMask = 2147483647;
			files = (
				FB43AFB32CA034E7002FA970 /* Coiny-Regular.ttf in Resources */,
				FB43AFAB2CA029F7002FA970 /* Preview Assets.xcassets in Resources */,
				FB43AFA82CA029F7002FA970 /* Assets.xcassets in Resources */,
			);
			runOnlyForDeploymentPostprocessing = 0;
		};
/* End PBXResourcesBuildPhase section */

/* Begin PBXSourcesBuildPhase section */
		FB43AF9C2CA029F5002FA970 /* Sources */ = {
			isa = PBXSourcesBuildPhase;
			buildActionMask = 2147483647;
			files = (
				FBDA33BE2CA1B75B007325B1 /* NetworkManager.swift in Sources */,
				FBDA33C62CA546DF007325B1 /* SelectionForProblem.swift in Sources */,
				FB43AFA62CA029F5002FA970 /* ContentView.swift in Sources */,
				FBDA33B52CA13943007325B1 /* QuizCorner.swift in Sources */,
				FBDA33CA2CA54B56007325B1 /* ProblemView.swift in Sources */,
				FBDA33C22CA40D24007325B1 /* ProblemManager.swift in Sources */,
				FBDA33C02CA2BC31007325B1 /* UnitManager.swift in Sources */,
				FB43AFA42CA029F5002FA970 /* DuolingoApp.swift in Sources */,
				FB43AFB92CA03A93002FA970 /* Data.swift in Sources */,
				FBDA33B92CA1485B007325B1 /* ComponentButton.swift in Sources */,
			);
			runOnlyForDeploymentPostprocessing = 0;
		};
/* End PBXSourcesBuildPhase section */

/* Begin XCBuildConfiguration section */
		FB43AFAC2CA029F7002FA970 /* Debug */ = {
			isa = XCBuildConfiguration;
			buildSettings = {
				ALWAYS_SEARCH_USER_PATHS = NO;
				ASSETCATALOG_COMPILER_GENERATE_SWIFT_ASSET_SYMBOL_EXTENSIONS = YES;
				CLANG_ANALYZER_NONNULL = YES;
				CLANG_ANALYZER_NUMBER_OBJECT_CONVERSION = YES_AGGRESSIVE;
				CLANG_CXX_LANGUAGE_STANDARD = "gnu++20";
				CLANG_ENABLE_MODULES = YES;
				CLANG_ENABLE_OBJC_ARC = YES;
				CLANG_ENABLE_OBJC_WEAK = YES;
				CLANG_WARN_BLOCK_CAPTURE_AUTORELEASING = YES;
				CLANG_WARN_BOOL_CONVERSION = YES;
				CLANG_WARN_COMMA = YES;
				CLANG_WARN_CONSTANT_CONVERSION = YES;
				CLANG_WARN_DEPRECATED_OBJC_IMPLEMENTATIONS = YES;
				CLANG_WARN_DIRECT_OBJC_ISA_USAGE = YES_ERROR;
				CLANG_WARN_DOCUMENTATION_COMMENTS = YES;
				CLANG_WARN_EMPTY_BODY = YES;
				CLANG_WARN_ENUM_CONVERSION = YES;
				CLANG_WARN_INFINITE_RECURSION = YES;
				CLANG_WARN_INT_CONVERSION = YES;
				CLANG_WARN_NON_LITERAL_NULL_CONVERSION = YES;
				CLANG_WARN_OBJC_IMPLICIT_RETAIN_SELF = YES;
				CLANG_WARN_OBJC_LITERAL_CONVERSION = YES;
				CLANG_WARN_OBJC_ROOT_CLASS = YES_ERROR;
				CLANG_WARN_QUOTED_INCLUDE_IN_FRAMEWORK_HEADER = YES;
				CLANG_WARN_RANGE_LOOP_ANALYSIS = YES;
				CLANG_WARN_STRICT_PROTOTYPES = YES;
				CLANG_WARN_SUSPICIOUS_MOVE = YES;
				CLANG_WARN_UNGUARDED_AVAILABILITY = YES_AGGRESSIVE;
				CLANG_WARN_UNREACHABLE_CODE = YES;
				CLANG_WARN__DUPLICATE_METHOD_MATCH = YES;
				COPY_PHASE_STRIP = NO;
				DEBUG_INFORMATION_FORMAT = dwarf;
				ENABLE_STRICT_OBJC_MSGSEND = YES;
				ENABLE_TESTABILITY = YES;
				ENABLE_USER_SCRIPT_SANDBOXING = YES;
				GCC_C_LANGUAGE_STANDARD = gnu17;
				GCC_DYNAMIC_NO_PIC = NO;
				GCC_NO_COMMON_BLOCKS = YES;
				GCC_OPTIMIZATION_LEVEL = 0;
				GCC_PREPROCESSOR_DEFINITIONS = (
					"DEBUG=1",
					"$(inherited)",
				);
				GCC_WARN_64_TO_32_BIT_CONVERSION = YES;
				GCC_WARN_ABOUT_RETURN_TYPE = YES_ERROR;
				GCC_WARN_UNDECLARED_SELECTOR = YES;
				GCC_WARN_UNINITIALIZED_AUTOS = YES_AGGRESSIVE;
				GCC_WARN_UNUSED_FUNCTION = YES;
				GCC_WARN_UNUSED_VARIABLE = YES;
				IPHONEOS_DEPLOYMENT_TARGET = 17.5;
				LOCALIZATION_PREFERS_STRING_CATALOGS = YES;
				MTL_ENABLE_DEBUG_INFO = INCLUDE_SOURCE;
				MTL_FAST_MATH = YES;
				ONLY_ACTIVE_ARCH = YES;
				SDKROOT = iphoneos;
				SWIFT_ACTIVE_COMPILATION_CONDITIONS = "DEBUG $(inherited)";
				SWIFT_OPTIMIZATION_LEVEL = "-Onone";
			};
			name = Debug;
		};
		FB43AFAD2CA029F7002FA970 /* Release */ = {
			isa = XCBuildConfiguration;
			buildSettings = {
				ALWAYS_SEARCH_USER_PATHS = NO;
				ASSETCATALOG_COMPILER_GENERATE_SWIFT_ASSET_SYMBOL_EXTENSIONS = YES;
				CLANG_ANALYZER_NONNULL = YES;
				CLANG_ANALYZER_NUMBER_OBJECT_CONVERSION = YES_AGGRESSIVE;
				CLANG_CXX_LANGUAGE_STANDARD = "gnu++20";
				CLANG_ENABLE_MODULES = YES;
				CLANG_ENABLE_OBJC_ARC = YES;
				CLANG_ENABLE_OBJC_WEAK = YES;
				CLANG_WARN_BLOCK_CAPTURE_AUTORELEASING = YES;
				CLANG_WARN_BOOL_CONVERSION = YES;
				CLANG_WARN_COMMA = YES;
				CLANG_WARN_CONSTANT_CONVERSION = YES;
				CLANG_WARN_DEPRECATED_OBJC_IMPLEMENTATIONS = YES;
				CLANG_WARN_DIRECT_OBJC_ISA_USAGE = YES_ERROR;
				CLANG_WARN_DOCUMENTATION_COMMENTS = YES;
				CLANG_WARN_EMPTY_BODY = YES;
				CLANG_WARN_ENUM_CONVERSION = YES;
				CLANG_WARN_INFINITE_RECURSION = YES;
				CLANG_WARN_INT_CONVERSION = YES;
				CLANG_WARN_NON_LITERAL_NULL_CONVERSION = YES;
				CLANG_WARN_OBJC_IMPLICIT_RETAIN_SELF = YES;
				CLANG_WARN_OBJC_LITERAL_CONVERSION = YES;
				CLANG_WARN_OBJC_ROOT_CLASS = YES_ERROR;
				CLANG_WARN_QUOTED_INCLUDE_IN_FRAMEWORK_HEADER = YES;
				CLANG_WARN_RANGE_LOOP_ANALYSIS = YES;
				CLANG_WARN_STRICT_PROTOTYPES = YES;
				CLANG_WARN_SUSPICIOUS_MOVE = YES;
				CLANG_WARN_UNGUARDED_AVAILABILITY = YES_AGGRESSIVE;
				CLANG_WARN_UNREACHABLE_CODE = YES;
				CLANG_WARN__DUPLICATE_METHOD_MATCH = YES;
				COPY_PHASE_STRIP = NO;
				DEBUG_INFORMATION_FORMAT = "dwarf-with-dsym";
				ENABLE_NS_ASSERTIONS = NO;
				ENABLE_STRICT_OBJC_MSGSEND = YES;
				ENABLE_USER_SCRIPT_SANDBOXING = YES;
				GCC_C_LANGUAGE_STANDARD = gnu17;
				GCC_NO_COMMON_BLOCKS = YES;
				GCC_WARN_64_TO_32_BIT_CONVERSION = YES;
				GCC_WARN_ABOUT_RETURN_TYPE = YES_ERROR;
				GCC_WARN_UNDECLARED_SELECTOR = YES;
				GCC_WARN_UNINITIALIZED_AUTOS = YES_AGGRESSIVE;
				GCC_WARN_UNUSED_FUNCTION = YES;
				GCC_WARN_UNUSED_VARIABLE = YES;
				IPHONEOS_DEPLOYMENT_TARGET = 17.5;
				LOCALIZATION_PREFERS_STRING_CATALOGS = YES;
				MTL_ENABLE_DEBUG_INFO = NO;
				MTL_FAST_MATH = YES;
				SDKROOT = iphoneos;
				SWIFT_COMPILATION_MODE = wholemodule;
				VALIDATE_PRODUCT = YES;
			};
			name = Release;
		};
		FB43AFAF2CA029F7002FA970 /* Debug */ = {
			isa = XCBuildConfiguration;
			buildSettings = {
				ASSETCATALOG_COMPILER_APPICON_NAME = AppIcon;
				ASSETCATALOG_COMPILER_GLOBAL_ACCENT_COLOR_NAME = AccentColor;
				CODE_SIGN_STYLE = Automatic;
				CURRENT_PROJECT_VERSION = 1;
				DEVELOPMENT_ASSET_PATHS = "\"Duolingo/Preview Content\"";
				ENABLE_PREVIEWS = YES;
				GENERATE_INFOPLIST_FILE = YES;
				INFOPLIST_FILE = Duolingo/Info.plist;
				INFOPLIST_KEY_UIApplicationSceneManifest_Generation = YES;
				INFOPLIST_KEY_UIApplicationSupportsIndirectInputEvents = YES;
				INFOPLIST_KEY_UILaunchScreen_Generation = YES;
				INFOPLIST_KEY_UISupportedInterfaceOrientations_iPad = "UIInterfaceOrientationPortrait UIInterfaceOrientationPortraitUpsideDown UIInterfaceOrientationLandscapeLeft UIInterfaceOrientationLandscapeRight";
				INFOPLIST_KEY_UISupportedInterfaceOrientations_iPhone = "UIInterfaceOrientationPortrait UIInterfaceOrientationLandscapeLeft UIInterfaceOrientationLandscapeRight";
				LD_RUNPATH_SEARCH_PATHS = (
					"$(inherited)",
					"@executable_path/Frameworks",
				);
				MARKETING_VERSION = 1.0;
				PRODUCT_BUNDLE_IDENTIFIER = com.takasan1234.Duolingo;
				PRODUCT_NAME = "$(TARGET_NAME)";
				SWIFT_EMIT_LOC_STRINGS = YES;
				SWIFT_VERSION = 5.0;
				TARGETED_DEVICE_FAMILY = "1,2";
			};
			name = Debug;
		};
		FB43AFB02CA029F7002FA970 /* Release */ = {
			isa = XCBuildConfiguration;
			buildSettings = {
				ASSETCATALOG_COMPILER_APPICON_NAME = AppIcon;
				ASSETCATALOG_COMPILER_GLOBAL_ACCENT_COLOR_NAME = AccentColor;
				CODE_SIGN_STYLE = Automatic;
				CURRENT_PROJECT_VERSION = 1;
				DEVELOPMENT_ASSET_PATHS = "\"Duolingo/Preview Content\"";
				ENABLE_PREVIEWS = YES;
				GENERATE_INFOPLIST_FILE = YES;
				INFOPLIST_FILE = Duolingo/Info.plist;
				INFOPLIST_KEY_UIApplicationSceneManifest_Generation = YES;
				INFOPLIST_KEY_UIApplicationSupportsIndirectInputEvents = YES;
				INFOPLIST_KEY_UILaunchScreen_Generation = YES;
				INFOPLIST_KEY_UISupportedInterfaceOrientations_iPad = "UIInterfaceOrientationPortrait UIInterfaceOrientationPortraitUpsideDown UIInterfaceOrientationLandscapeLeft UIInterfaceOrientationLandscapeRight";
				INFOPLIST_KEY_UISupportedInterfaceOrientations_iPhone = "UIInterfaceOrientationPortrait UIInterfaceOrientationLandscapeLeft UIInterfaceOrientationLandscapeRight";
				LD_RUNPATH_SEARCH_PATHS = (
					"$(inherited)",
					"@executable_path/Frameworks",
				);
				MARKETING_VERSION = 1.0;
				PRODUCT_BUNDLE_IDENTIFIER = com.takasan1234.Duolingo;
				PRODUCT_NAME = "$(TARGET_NAME)";
				SWIFT_EMIT_LOC_STRINGS = YES;
				SWIFT_VERSION = 5.0;
				TARGETED_DEVICE_FAMILY = "1,2";
			};
			name = Release;
		};
/* End XCBuildConfiguration section */

/* Begin XCConfigurationList section */
		FB43AF9B2CA029F4002FA970 /* Build configuration list for PBXProject "Duolingo" */ = {
			isa = XCConfigurationList;
			buildConfigurations = (
				FB43AFAC2CA029F7002FA970 /* Debug */,
				FB43AFAD2CA029F7002FA970 /* Release */,
			);
			defaultConfigurationIsVisible = 0;
			defaultConfigurationName = Release;
		};
		FB43AFAE2CA029F7002FA970 /* Build configuration list for PBXNativeTarget "Duolingo" */ = {
			isa = XCConfigurationList;
			buildConfigurations = (
				FB43AFAF2CA029F7002FA970 /* Debug */,
				FB43AFB02CA029F7002FA970 /* Release */,
			);
			defaultConfigurationIsVisible = 0;
			defaultConfigurationName = Release;
		};
/* End XCConfigurationList section */
	};
	rootObject = FB43AF982CA029F4002FA970 /* Project object */;
}
